
Microsoft Visual Studio Solution File, Format Version 12.00
# Visual Studio 15
VisualStudioVersion = 15.0.27703.2035
MinimumVisualStudioVersion = 10.0.40219.1
Project("{FAE04EC0-301F-11D3-BF4B-00C04F79EFBC}") = "Zadatak", "Zadatak\Zadatak.csproj", "{398A2394-F9CC-4C15-B76A-5373DA8028F1}"
EndProject
Project("{FAE04EC0-301F-11D3-BF4B-00C04F79EFBC}") = "ZadatakEntity", "ZadatakEntity\ZadatakEntity.csproj", "{2F289896-5003-4566-9390-DDCB7E460E53}"
EndProject
Global
	GlobalSection(SolutionConfigurationPlatforms) = preSolution
		Debug|Any CPU = Debug|Any CPU
		Release|Any CPU = Release|Any CPU
	EndGlobalSection
	GlobalSection(ProjectConfigurationPlatforms) = postSolution
		{398A2394-F9CC-4C15-B76A-5373DA8028F1}.Debug|Any CPU.ActiveCfg = Debug|Any CPU
		{398A2394-F9CC-4C15-B76A-5373DA8028F1}.Debug|Any CPU.Build.0 = Debug|Any CPU
		{398A2394-F9CC-4C15-B76A-5373DA8028F1}.Release|Any CPU.ActiveCfg = Release|Any CPU
		{398A2394-F9CC-4C15-B76A-5373DA8028F1}.Release|Any CPU.Build.0 = Release|Any CPU
		{2F289896-5003-4566-9390-DDCB7E460E53}.Debug|Any CPU.ActiveCfg = Debug|Any CPU
		{2F289896-5003-4566-9390-DDCB7E460E53}.Debug|Any CPU.Build.0 = Debug|Any CPU
		{2F289896-5003-4566-9390-DDCB7E460E53}.Release|Any CPU.ActiveCfg = Release|Any CPU
		{2F289896-5003-4566-9390-DDCB7E460E53}.Release|Any CPU.Build.0 = Release|Any CPU
	EndGlobalSection
	GlobalSection(SolutionProperties) = preSolution
		HideSolutionNode = FALSE
	EndGlobalSection
	GlobalSection(ExtensibilityGlobals) = postSolution
		SolutionGuid = {839B24B2-C152-4D85-8CBD-818FEEEC007F}
		EnterpriseLibraryConfigurationToolBinariesPathV6 = packages\EnterpriseLibrary.Common.6.0.1304.0\lib\NET45;packages\EnterpriseLibrary.Data.6.0.1304.0\lib\NET45
	EndGlobalSection
EndGlobal
